
Microsoft Visual Studio Solution File, Format Version 12.00
# Visual Studio 15
VisualStudioVersion = 15.0.26228.4
MinimumVisualStudioVersion = 10.0.40219.1
Project("{2150E333-8FDC-42A3-9474-1A3956D46DE8}") = "WebJob", "WebJob", "{ACF2B877-7B45-4C03-B918-177B62CB5080}"
EndProject
Project("{2150E333-8FDC-42A3-9474-1A3956D46DE8}") = "Simulator", "Simulator", "{C86D0E81-359A-401C-A6E7-F09AF602F717}"
EndProject
Project("{FAE04EC0-301F-11D3-BF4B-00C04F79EFBC}") = "IoT-Simulator", "IoT-Simulator\IoT-Simulator.csproj", "{D40543D2-A841-4056-9680-7B00C544C2DB}"
EndProject
Project("{FAE04EC0-301F-11D3-BF4B-00C04F79EFBC}") = "JobProcessor", "WebJob\JobProcessor\JobProcessor.csproj", "{FA15567F-738B-4D1C-AA11-A3220DC91DC4}"
EndProject
Project("{2150E333-8FDC-42A3-9474-1A3956D46DE8}") = "Controller", "Controller", "{4339BE1C-99FF-4312-8AC3-1C4595717D82}"
EndProject
Project("{FAE04EC0-301F-11D3-BF4B-00C04F79EFBC}") = "IoT-Controller", "IoT-Controller\IoT-Controller.csproj", "{62C86145-9E5C-4D50-B367-B22A80F6C3EE}"
EndProject
Project("{2150E333-8FDC-42A3-9474-1A3956D46DE8}") = "WebApp", "WebApp", "{592639C6-1CCB-4185-AB89-9BF25C2C604E}"
EndProject
Project("{FAE04EC0-301F-11D3-BF4B-00C04F79EFBC}") = "IoT-WebAppGateWay", "WebApp\IoT-WebAppGateWay\IoT-WebAppGateWay.csproj", "{B4920A76-F4F8-4656-BC38-3ABEAB277C9C}"
EndProject
Project("{FAE04EC0-301F-11D3-BF4B-00C04F79EFBC}") = "JobHeartBeatProcessor", "WebJob\JobHeartBeatProcessor\JobHeartBeatProcessor.csproj", "{28B80F33-43BF-4C05-AAC8-0F9CD29C913B}"
EndProject
Project("{FAE04EC0-301F-11D3-BF4B-00C04F79EFBC}") = "JobServiceBusProcessor", "WebJob\JobServiceBusProcessor\JobServiceBusProcessor.csproj", "{89A7B376-6EC6-48CC-ACE5-DBDDC0D70325}"
EndProject
Project("{2150E333-8FDC-42A3-9474-1A3956D46DE8}") = "Mobile", "Mobile", "{37030D56-8B11-4FE5-A971-E745FDA5BCF1}"
EndProject
Project("{FAE04EC0-301F-11D3-BF4B-00C04F79EFBC}") = "appNotification", "Mobile\appNotification\appNotification.csproj", "{0F53E9DC-767E-4D7A-853E-E03ACA2033A9}"
EndProject
Global
	GlobalSection(SolutionConfigurationPlatforms) = preSolution
		Debug|Any CPU = Debug|Any CPU
		Release|Any CPU = Release|Any CPU
	EndGlobalSection
	GlobalSection(ProjectConfigurationPlatforms) = postSolution
		{D40543D2-A841-4056-9680-7B00C544C2DB}.Debug|Any CPU.ActiveCfg = Debug|Any CPU
		{D40543D2-A841-4056-9680-7B00C544C2DB}.Debug|Any CPU.Build.0 = Debug|Any CPU
		{D40543D2-A841-4056-9680-7B00C544C2DB}.Release|Any CPU.ActiveCfg = Release|Any CPU
		{D40543D2-A841-4056-9680-7B00C544C2DB}.Release|Any CPU.Build.0 = Release|Any CPU
		{FA15567F-738B-4D1C-AA11-A3220DC91DC4}.Debug|Any CPU.ActiveCfg = Debug|Any CPU
		{FA15567F-738B-4D1C-AA11-A3220DC91DC4}.Debug|Any CPU.Build.0 = Debug|Any CPU
		{FA15567F-738B-4D1C-AA11-A3220DC91DC4}.Release|Any CPU.ActiveCfg = Release|Any CPU
		{FA15567F-738B-4D1C-AA11-A3220DC91DC4}.Release|Any CPU.Build.0 = Release|Any CPU
		{62C86145-9E5C-4D50-B367-B22A80F6C3EE}.Debug|Any CPU.ActiveCfg = Debug|Any CPU
		{62C86145-9E5C-4D50-B367-B22A80F6C3EE}.Debug|Any CPU.Build.0 = Debug|Any CPU
		{62C86145-9E5C-4D50-B367-B22A80F6C3EE}.Release|Any CPU.ActiveCfg = Release|Any CPU
		{62C86145-9E5C-4D50-B367-B22A80F6C3EE}.Release|Any CPU.Build.0 = Release|Any CPU
		{B4920A76-F4F8-4656-BC38-3ABEAB277C9C}.Debug|Any CPU.ActiveCfg = Debug|Any CPU
		{B4920A76-F4F8-4656-BC38-3ABEAB277C9C}.Debug|Any CPU.Build.0 = Debug|Any CPU
		{B4920A76-F4F8-4656-BC38-3ABEAB277C9C}.Release|Any CPU.ActiveCfg = Release|Any CPU
		{B4920A76-F4F8-4656-BC38-3ABEAB277C9C}.Release|Any CPU.Build.0 = Release|Any CPU
		{28B80F33-43BF-4C05-AAC8-0F9CD29C913B}.Debug|Any CPU.ActiveCfg = Debug|Any CPU
		{28B80F33-43BF-4C05-AAC8-0F9CD29C913B}.Debug|Any CPU.Build.0 = Debug|Any CPU
		{28B80F33-43BF-4C05-AAC8-0F9CD29C913B}.Release|Any CPU.ActiveCfg = Release|Any CPU
		{28B80F33-43BF-4C05-AAC8-0F9CD29C913B}.Release|Any CPU.Build.0 = Release|Any CPU
		{89A7B376-6EC6-48CC-ACE5-DBDDC0D70325}.Debug|Any CPU.ActiveCfg = Debug|Any CPU
		{89A7B376-6EC6-48CC-ACE5-DBDDC0D70325}.Debug|Any CPU.Build.0 = Debug|Any CPU
		{89A7B376-6EC6-48CC-ACE5-DBDDC0D70325}.Release|Any CPU.ActiveCfg = Release|Any CPU
		{89A7B376-6EC6-48CC-ACE5-DBDDC0D70325}.Release|Any CPU.Build.0 = Release|Any CPU
		{0F53E9DC-767E-4D7A-853E-E03ACA2033A9}.Debug|Any CPU.ActiveCfg = Debug|Any CPU
		{0F53E9DC-767E-4D7A-853E-E03ACA2033A9}.Debug|Any CPU.Build.0 = Debug|Any CPU
		{0F53E9DC-767E-4D7A-853E-E03ACA2033A9}.Debug|Any CPU.Deploy.0 = Debug|Any CPU
		{0F53E9DC-767E-4D7A-853E-E03ACA2033A9}.Release|Any CPU.ActiveCfg = Release|Any CPU
		{0F53E9DC-767E-4D7A-853E-E03ACA2033A9}.Release|Any CPU.Build.0 = Release|Any CPU
		{0F53E9DC-767E-4D7A-853E-E03ACA2033A9}.Release|Any CPU.Deploy.0 = Release|Any CPU
	EndGlobalSection
	GlobalSection(SolutionProperties) = preSolution
		HideSolutionNode = FALSE
	EndGlobalSection
	GlobalSection(NestedProjects) = preSolution
		{D40543D2-A841-4056-9680-7B00C544C2DB} = {C86D0E81-359A-401C-A6E7-F09AF602F717}
		{FA15567F-738B-4D1C-AA11-A3220DC91DC4} = {ACF2B877-7B45-4C03-B918-177B62CB5080}
		{62C86145-9E5C-4D50-B367-B22A80F6C3EE} = {4339BE1C-99FF-4312-8AC3-1C4595717D82}
		{B4920A76-F4F8-4656-BC38-3ABEAB277C9C} = {592639C6-1CCB-4185-AB89-9BF25C2C604E}
		{28B80F33-43BF-4C05-AAC8-0F9CD29C913B} = {ACF2B877-7B45-4C03-B918-177B62CB5080}
		{89A7B376-6EC6-48CC-ACE5-DBDDC0D70325} = {ACF2B877-7B45-4C03-B918-177B62CB5080}
		{0F53E9DC-767E-4D7A-853E-E03ACA2033A9} = {37030D56-8B11-4FE5-A971-E745FDA5BCF1}
	EndGlobalSection
	GlobalSection(ExtensibilityGlobals) = postSolution
		EnterpriseLibraryConfigurationToolBinariesPathV6 = packages\EnterpriseLibrary.TransientFaultHandling.6.0.1304.0\lib\portable-net45+win+wp8
	EndGlobalSection
EndGlobal
